
Microsoft Visual Studio Solution File, Format Version 12.00
# Visual Studio Version 17
VisualStudioVersion = 17.3.32929.385
MinimumVisualStudioVersion = 10.0.40219.1
Project("{FAE04EC0-301F-11D3-BF4B-00C04F79EFBC}") = "project 2", "project 2\project 2.csproj", "{0EE0E284-A321-4675-921A-34493E73C402}"
EndProject
Global
	GlobalSection(SolutionConfigurationPlatforms) = preSolution
		Debug|Any CPU = Debug|Any CPU
		Release|Any CPU = Release|Any CPU
	EndGlobalSection
	GlobalSection(ProjectConfigurationPlatforms) = postSolution
		{0EE0E284-A321-4675-921A-34493E73C402}.Debug|Any CPU.ActiveCfg = Debug|Any CPU
		{0EE0E284-A321-4675-921A-34493E73C402}.Debug|Any CPU.Build.0 = Debug|Any CPU
		{0EE0E284-A321-4675-921A-34493E73C402}.Release|Any CPU.ActiveCfg = Release|Any CPU
		{0EE0E284-A321-4675-921A-34493E73C402}.Release|Any CPU.Build.0 = Release|Any CPU
	EndGlobalSection
	GlobalSection(SolutionProperties) = preSolution
		HideSolutionNode = FALSE
	EndGlobalSection
	GlobalSection(ExtensibilityGlobals) = postSolution
		SolutionGuid = {638D1069-CD2B-4728-8895-9E927D9B5452}
	EndGlobalSection
EndGlobal
